
Microsoft Visual Studio Solution File, Format Version 12.00
# Visual Studio Version 16
VisualStudioVersion = 16.0.31624.102
MinimumVisualStudioVersion = 10.0.40219.1
Project("{FAE04EC0-301F-11D3-BF4B-00C04F79EFBC}") = "Assignment-2", "Assignment-2\Assignment-2.csproj", "{51A5344C-43DA-4D12-8E7C-CC3ADCA3218A}"
EndProject
Global
	GlobalSection(SolutionConfigurationPlatforms) = preSolution
		Debug|Any CPU = Debug|Any CPU
		Release|Any CPU = Release|Any CPU
	EndGlobalSection
	GlobalSection(ProjectConfigurationPlatforms) = postSolution
		{51A5344C-43DA-4D12-8E7C-CC3ADCA3218A}.Debug|Any CPU.ActiveCfg = Debug|Any CPU
		{51A5344C-43DA-4D12-8E7C-CC3ADCA3218A}.Debug|Any CPU.Build.0 = Debug|Any CPU
		{51A5344C-43DA-4D12-8E7C-CC3ADCA3218A}.Release|Any CPU.ActiveCfg = Release|Any CPU
		{51A5344C-43DA-4D12-8E7C-CC3ADCA3218A}.Release|Any CPU.Build.0 = Release|Any CPU
	EndGlobalSection
	GlobalSection(SolutionProperties) = preSolution
		HideSolutionNode = FALSE
	EndGlobalSection
	GlobalSection(ExtensibilityGlobals) = postSolution
		SolutionGuid = {C398364E-1863-43B9-9595-076C7384C563}
	EndGlobalSection
EndGlobal
